<?xml version="1.0" encoding="UTF-8"?>
<Scheme
   version = "1.3">
   <BuildAction>
      <BuildActionEntries>
         <BuildActionEntry
            buildForRunning = "YES">
            <BuildableReference
               BuildableIdentifier = "primary"
               BlueprintIdentifier = "0335F2921FB9F55900421822"
               BuildableName = "BlurredVideo.app"
               BlueprintName = "BlurredVideo"
               ReferencedContainer = "container:BlurredVideo.xcodeproj">
            </BuildableReference>
         </BuildActionEntry>
      </BuildActionEntries>
   </BuildAction>
   <LaunchAction
      useCustomWorkingDirectory = "NO"
      buildConfiguration = "Debug">
      <BuildableProductRunnable>
         <BuildableReference
            BuildableIdentifier = "primary"
            BlueprintIdentifier = "0335F2921FB9F55900421822"
            BuildableName = "BlurredVideo.app"
            BlueprintName = "BlurredVideo"
            ReferencedContainer = "container:BlurredVideo.xcodeproj">
         </BuildableReference>
      </BuildableProductRunnable>
   </LaunchAction>
</Scheme>
